
Microsoft Visual Studio Solution File, Format Version 12.00
# Visual Studio Version 17
VisualStudioVersion = 17.10.35027.167
MinimumVisualStudioVersion = 10.0.40219.1
Project("{FAE04EC0-301F-11D3-BF4B-00C04F79EFBC}") = "diamond_kata", "diamond_kata\diamond_kata.csproj", "{9E0B6D89-84D1-4628-B556-A24775B823CA}"
EndProject
Project("{FAE04EC0-301F-11D3-BF4B-00C04F79EFBC}") = "diamond_kata_tests", "diamond_kata_tests\diamond_kata_tests.csproj", "{3841E5FD-4909-4201-AFF3-1A659DEBE61D}"
EndProject
Global
	GlobalSection(SolutionConfigurationPlatforms) = preSolution
		Debug|Any CPU = Debug|Any CPU
		Release|Any CPU = Release|Any CPU
	EndGlobalSection
	GlobalSection(ProjectConfigurationPlatforms) = postSolution
		{9E0B6D89-84D1-4628-B556-A24775B823CA}.Debug|Any CPU.ActiveCfg = Debug|Any CPU
		{9E0B6D89-84D1-4628-B556-A24775B823CA}.Debug|Any CPU.Build.0 = Debug|Any CPU
		{9E0B6D89-84D1-4628-B556-A24775B823CA}.Release|Any CPU.ActiveCfg = Release|Any CPU
		{9E0B6D89-84D1-4628-B556-A24775B823CA}.Release|Any CPU.Build.0 = Release|Any CPU
		{3841E5FD-4909-4201-AFF3-1A659DEBE61D}.Debug|Any CPU.ActiveCfg = Debug|Any CPU
		{3841E5FD-4909-4201-AFF3-1A659DEBE61D}.Debug|Any CPU.Build.0 = Debug|Any CPU
		{3841E5FD-4909-4201-AFF3-1A659DEBE61D}.Release|Any CPU.ActiveCfg = Release|Any CPU
		{3841E5FD-4909-4201-AFF3-1A659DEBE61D}.Release|Any CPU.Build.0 = Release|Any CPU
	EndGlobalSection
	GlobalSection(SolutionProperties) = preSolution
		HideSolutionNode = FALSE
	EndGlobalSection
	GlobalSection(ExtensibilityGlobals) = postSolution
		SolutionGuid = {321D1E70-E803-4E1B-937C-A5E72735DC98}
	EndGlobalSection
EndGlobal
